// !$*UTF8*$!
{
	archiveVersion = 1;
	classes = {
	};
	objectVersion = 56;
	objects = {

/* Begin PBXBuildFile section */
		0C79EE612A76DCD600EE90EA /* NftByIdRequest.swift in Sources */ = {isa = PBXBuildFile; fileRef = 0C79EE602A76DCD600EE90EA /* NftByIdRequest.swift */; };
		0C79EE632A76DD1900EE90EA /* RequestConstants.swift in Sources */ = {isa = PBXBuildFile; fileRef = 0C79EE622A76DD1900EE90EA /* RequestConstants.swift */; };
		0C79EE662A76DDFF00EE90EA /* NftDetailViewController.swift in Sources */ = {isa = PBXBuildFile; fileRef = 0C79EE652A76DDFF00EE90EA /* NftDetailViewController.swift */; };
		0C79EE682A76DE0900EE90EA /* NftDetailPresenter.swift in Sources */ = {isa = PBXBuildFile; fileRef = 0C79EE672A76DE0900EE90EA /* NftDetailPresenter.swift */; };
		0C79EE6A2A76DE1000EE90EA /* NftDetailAssembly.swift in Sources */ = {isa = PBXBuildFile; fileRef = 0C79EE692A76DE1000EE90EA /* NftDetailAssembly.swift */; };
		0C79EE6C2A76DE2E00EE90EA /* ServicesAssemly.swift in Sources */ = {isa = PBXBuildFile; fileRef = 0C79EE6B2A76DE2E00EE90EA /* ServicesAssemly.swift */; };
		0CF2C2DB2A783C1B00FDC837 /* LoadingView.swift in Sources */ = {isa = PBXBuildFile; fileRef = 0CF2C2DA2A783C1B00FDC837 /* LoadingView.swift */; };
		0CF2C2DD2A783CE600FDC837 /* ErrorView.swift in Sources */ = {isa = PBXBuildFile; fileRef = 0CF2C2DC2A783CE600FDC837 /* ErrorView.swift */; };
		0CF2C2E12A784C7000FDC837 /* LinePageControl.swift in Sources */ = {isa = PBXBuildFile; fileRef = 0CF2C2E02A784C7000FDC837 /* LinePageControl.swift */; };
		0CFCB7402A78002A0009A829 /* ExamplePutService.swift in Sources */ = {isa = PBXBuildFile; fileRef = 0CFCB73F2A78002A0009A829 /* ExamplePutService.swift */; };
		0CFCB7422A78013E0009A829 /* Nft.swift in Sources */ = {isa = PBXBuildFile; fileRef = 0CFCB7412A78013E0009A829 /* Nft.swift */; };
		0CFCB7442A7802440009A829 /* NftDetailInput.swift in Sources */ = {isa = PBXBuildFile; fileRef = 0CFCB7432A7802440009A829 /* NftDetailInput.swift */; };
		0CFCB7462A78064B0009A829 /* NftDetailCellModel.swift in Sources */ = {isa = PBXBuildFile; fileRef = 0CFCB7452A78064B0009A829 /* NftDetailCellModel.swift */; };
		0CFCB7492A7808900009A829 /* TestCatalogController.swift in Sources */ = {isa = PBXBuildFile; fileRef = 0CFCB7482A7808900009A829 /* TestCatalogController.swift */; };
		0CFCB74B2A780EA80009A829 /* UIView+Constraints.swift in Sources */ = {isa = PBXBuildFile; fileRef = 0CFCB74A2A780EA80009A829 /* UIView+Constraints.swift */; };
		0CFCB74E2A7817DC0009A829 /* NftStorage.swift in Sources */ = {isa = PBXBuildFile; fileRef = 0CFCB74D2A7817DC0009A829 /* NftStorage.swift */; };
		3F478ED129DB476500F6D39E /* Fonts.swift in Sources */ = {isa = PBXBuildFile; fileRef = 3F478ED029DB476500F6D39E /* Fonts.swift */; };
		3F68069729CBBAF100B4F915 /* AppDelegate.swift in Sources */ = {isa = PBXBuildFile; fileRef = 3F68069629CBBAF100B4F915 /* AppDelegate.swift */; };
		3F68069929CBBAF100B4F915 /* SceneDelegate.swift in Sources */ = {isa = PBXBuildFile; fileRef = 3F68069829CBBAF100B4F915 /* SceneDelegate.swift */; };
		3F68069B29CBBAF100B4F915 /* ProductDetailsTableViewController.swift in Sources */ = {isa = PBXBuildFile; fileRef = 3F68069A29CBBAF100B4F915 /* ProductDetailsTableViewController.swift */; };
		3F6806AE29CBBAF200B4F915 /* ExampleUnitTests.swift in Sources */ = {isa = PBXBuildFile; fileRef = 3F6806AD29CBBAF200B4F915 /* ExampleUnitTests.swift */; };
		3F6806B829CBBAF200B4F915 /* FakeNFTUITests.swift in Sources */ = {isa = PBXBuildFile; fileRef = 3F6806B729CBBAF200B4F915 /* FakeNFTUITests.swift */; };
		3F6806D129CBBE6B00B4F915 /* NetworkClient.swift in Sources */ = {isa = PBXBuildFile; fileRef = 3F6806D029CBBE6B00B4F915 /* NetworkClient.swift */; };
		3F6806D329CBBE9600B4F915 /* NetworkRequest.swift in Sources */ = {isa = PBXBuildFile; fileRef = 3F6806D229CBBE9600B4F915 /* NetworkRequest.swift */; };
		3F6806D529CBBEC700B4F915 /* NetworkTask.swift in Sources */ = {isa = PBXBuildFile; fileRef = 3F6806D429CBBEC700B4F915 /* NetworkTask.swift */; };
		3F6806D729CBC50A00B4F915 /* CellsReusingUtils.swift in Sources */ = {isa = PBXBuildFile; fileRef = 3F6806D629CBC50A00B4F915 /* CellsReusingUtils.swift */; };
		3FC8C38B29D242E90081F015 /* ProductDetailsTableViewCell.swift in Sources */ = {isa = PBXBuildFile; fileRef = 3FC8C38A29D242E90081F015 /* ProductDetailsTableViewCell.swift */; };
		3FC8C39129D2453B0081F015 /* ExamplePutRequest.swift in Sources */ = {isa = PBXBuildFile; fileRef = 3FC8C39029D2453B0081F015 /* ExamplePutRequest.swift */; };
		3FC8C39329D246BA0081F015 /* DateFormatters+Presets.swift in Sources */ = {isa = PBXBuildFile; fileRef = 3FC8C39229D246BA0081F015 /* DateFormatters+Presets.swift */; };
		4069E59C2D098C5C00BBEB39 /* Colors.xcassets in Resources */ = {isa = PBXBuildFile; fileRef = 4069E58B2D098C5C00BBEB39 /* Colors.xcassets */; };
		4069E59D2D098C5C00BBEB39 /* Icons.xcassets in Resources */ = {isa = PBXBuildFile; fileRef = 4069E58C2D098C5C00BBEB39 /* Icons.xcassets */; };
		4069E59E2D098C5C00BBEB39 /* Images.xcassets in Resources */ = {isa = PBXBuildFile; fileRef = 4069E58D2D098C5C00BBEB39 /* Images.xcassets */; };
		4069E5A72D098D7800BBEB39 /* Localizable.strings in Resources */ = {isa = PBXBuildFile; fileRef = 4069E5A52D098D7800BBEB39 /* Localizable.strings */; };
		4069E5AA2D098D8200BBEB39 /* Localizable.stringsdict in Resources */ = {isa = PBXBuildFile; fileRef = 4069E5A82D098D8200BBEB39 /* Localizable.stringsdict */; };
		4069E5AE2D09905000BBEB39 /* swiftgen.yml in Resources */ = {isa = PBXBuildFile; fileRef = 4069E5AD2D09905000BBEB39 /* swiftgen.yml */; };
		4069E5B42D09B04200BBEB39 /* XCAssets+Generated.swift in Sources */ = {isa = PBXBuildFile; fileRef = 4069E5B22D09B04200BBEB39 /* XCAssets+Generated.swift */; };
		4069E5B52D09B04200BBEB39 /* Strings+Generated.swift in Sources */ = {isa = PBXBuildFile; fileRef = 4069E5B32D09B04200BBEB39 /* Strings+Generated.swift */; };
		4069E5BA2D09E0B900BBEB39 /* ProfileViewController.swift in Sources */ = {isa = PBXBuildFile; fileRef = 4069E5B92D09E0B900BBEB39 /* ProfileViewController.swift */; };
		40CA15EC2D09E5FD00FE1213 /* LaunchScreen.storyboard in Resources */ = {isa = PBXBuildFile; fileRef = 3F6806A129CBBAF200B4F915 /* LaunchScreen.storyboard */; };
		43A4F5B82D1EA21100713CED /* PaymentCollectionViewCell.swift in Sources */ = {isa = PBXBuildFile; fileRef = 43A4F5B72D1EA21100713CED /* PaymentCollectionViewCell.swift */; };
		43A4F5BC2D1EA9F900713CED /* CurrencyModel.swift in Sources */ = {isa = PBXBuildFile; fileRef = 43A4F5BB2D1EA9F900713CED /* CurrencyModel.swift */; };
		43A4F5BE2D1EAB2700713CED /* PaymentView.swift in Sources */ = {isa = PBXBuildFile; fileRef = 43A4F5BD2D1EAB2700713CED /* PaymentView.swift */; };
		43A4F5C02D1EAD6D00713CED /* PaymentViewController.swift in Sources */ = {isa = PBXBuildFile; fileRef = 43A4F5BF2D1EAD6D00713CED /* PaymentViewController.swift */; };
		43A4F5C22D1EAD8200713CED /* PaymentViewModel.swift in Sources */ = {isa = PBXBuildFile; fileRef = 43A4F5C12D1EAD8200713CED /* PaymentViewModel.swift */; };
		43A4F5C42D1EAE5700713CED /* GetCurrenciesRequest.swift in Sources */ = {isa = PBXBuildFile; fileRef = 43A4F5C32D1EAE5700713CED /* GetCurrenciesRequest.swift */; };
		43A4F5C62D1ED33200713CED /* PaymentBottomTableViewCell.swift in Sources */ = {isa = PBXBuildFile; fileRef = 43A4F5C52D1ED33200713CED /* PaymentBottomTableViewCell.swift */; };
		43A4F5C82D1EEC1400713CED /* PaymentResponse.swift in Sources */ = {isa = PBXBuildFile; fileRef = 43A4F5C72D1EEC1400713CED /* PaymentResponse.swift */; };
		43A4F5CA2D1EECAE00713CED /* GetPaymentRequest.swift in Sources */ = {isa = PBXBuildFile; fileRef = 43A4F5C92D1EECAE00713CED /* GetPaymentRequest.swift */; };
		43A4F5CC2D1EF61D00713CED /* SuccsesfulPaymentView.swift in Sources */ = {isa = PBXBuildFile; fileRef = 43A4F5CB2D1EF61D00713CED /* SuccsesfulPaymentView.swift */; };
		43A4F5CE2D1EF93B00713CED /* SuccessfulPaymentViewController.swift in Sources */ = {isa = PBXBuildFile; fileRef = 43A4F5CD2D1EF93B00713CED /* SuccessfulPaymentViewController.swift */; };
		43A4F5D02D1F0FF400713CED /* EmptyView.swift in Sources */ = {isa = PBXBuildFile; fileRef = 43A4F5CF2D1F0FF400713CED /* EmptyView.swift */; };
		43CBD6922D145F1A00F202D4 /* CartItemModel.swift in Sources */ = {isa = PBXBuildFile; fileRef = 43CBD6912D145F1A00F202D4 /* CartItemModel.swift */; };
		43CBD6942D145F6D00F202D4 /* CartModel.swift in Sources */ = {isa = PBXBuildFile; fileRef = 43CBD6932D145F6D00F202D4 /* CartModel.swift */; };
		43CBD6972D14602000F202D4 /* AlertButton.swift in Sources */ = {isa = PBXBuildFile; fileRef = 43CBD6962D14602000F202D4 /* AlertButton.swift */; };
		43CBD6992D14604700F202D4 /* AlertModel.swift in Sources */ = {isa = PBXBuildFile; fileRef = 43CBD6982D14604700F202D4 /* AlertModel.swift */; };
		43CBD69B2D14605F00F202D4 /* AlertTextField.swift in Sources */ = {isa = PBXBuildFile; fileRef = 43CBD69A2D14605F00F202D4 /* AlertTextField.swift */; };
		43CBD69D2D14608200F202D4 /* AlertWithTextFieldModel.swift in Sources */ = {isa = PBXBuildFile; fileRef = 43CBD69C2D14608200F202D4 /* AlertWithTextFieldModel.swift */; };
		43CBD6A02D1460B100F202D4 /* AlertPresenter.swift in Sources */ = {isa = PBXBuildFile; fileRef = 43CBD69F2D1460B100F202D4 /* AlertPresenter.swift */; };
		43CBD6A22D1460EA00F202D4 /* RatingStackView.swift in Sources */ = {isa = PBXBuildFile; fileRef = 43CBD6A12D1460EA00F202D4 /* RatingStackView.swift */; };
		43CBD6A52D14612E00F202D4 /* Configuration.swift in Sources */ = {isa = PBXBuildFile; fileRef = 43CBD6A42D14612E00F202D4 /* Configuration.swift */; };
		43CBD6A72D14650800F202D4 /* CartService.swift in Sources */ = {isa = PBXBuildFile; fileRef = 43CBD6A62D14650800F202D4 /* CartService.swift */; };
		43CBD6A92D1466BF00F202D4 /* GetCartRequest.swift in Sources */ = {isa = PBXBuildFile; fileRef = 43CBD6A82D1466BF00F202D4 /* GetCartRequest.swift */; };
		43CBD6AC2D14674700F202D4 /* Storage.swift in Sources */ = {isa = PBXBuildFile; fileRef = 43CBD6AB2D14674700F202D4 /* Storage.swift */; };
		43CBD6AF2D146B2300F202D4 /* CartView.swift in Sources */ = {isa = PBXBuildFile; fileRef = 43CBD6AE2D146B2300F202D4 /* CartView.swift */; };
		43CBD6B12D146DB800F202D4 /* CartViewModel.swift in Sources */ = {isa = PBXBuildFile; fileRef = 43CBD6B02D146DB800F202D4 /* CartViewModel.swift */; };
		43CBD6B32D146FB200F202D4 /* CartTableViewCell.swift in Sources */ = {isa = PBXBuildFile; fileRef = 43CBD6B22D146FB200F202D4 /* CartTableViewCell.swift */; };
		43CBD6B52D147DA500F202D4 /* CartNFTModel.swift in Sources */ = {isa = PBXBuildFile; fileRef = 43CBD6B42D147DA500F202D4 /* CartNFTModel.swift */; };
		43CBD6C32D1484F100F202D4 /* CartViewController.swift in Sources */ = {isa = PBXBuildFile; fileRef = 43CBD6C22D1484F100F202D4 /* CartViewController.swift */; };
		43CBD6C52D14A9D500F202D4 /* CartNavigationViewController.swift in Sources */ = {isa = PBXBuildFile; fileRef = 43CBD6C42D14A9D500F202D4 /* CartNavigationViewController.swift */; };
		43CBD6C82D14ADF200F202D4 /* CartPayTableViewCell.swift in Sources */ = {isa = PBXBuildFile; fileRef = 43CBD6C72D14ADF200F202D4 /* CartPayTableViewCell.swift */; };
		43CBD6CB2D14C93200F202D4 /* Kingfisher in Frameworks */ = {isa = PBXBuildFile; productRef = 43CBD6CA2D14C93200F202D4 /* Kingfisher */; };
		43CBD6CE2D14C93800F202D4 /* ProgressHUD in Frameworks */ = {isa = PBXBuildFile; productRef = 43CBD6CD2D14C93800F202D4 /* ProgressHUD */; };
		4B25FD0EC4EF35734AD0229B /* Pods_FakeNFTTests.framework in Frameworks */ = {isa = PBXBuildFile; fileRef = 0EB16B008CA89F760FAAAF7F /* Pods_FakeNFTTests.framework */; };
		558E39E72C68CE0A00FB86AC /* NftService.swift in Sources */ = {isa = PBXBuildFile; fileRef = 558E39E62C68CE0900FB86AC /* NftService.swift */; };
		58D6A07549D8E33E04610D0F /* Pods_FakeNFT.framework in Frameworks */ = {isa = PBXBuildFile; fileRef = 7A557F787D04225498A1FF2D /* Pods_FakeNFT.framework */; };
		A823EA50FB72CD0A0A0BAC94 /* Pods_FakeNFT_FakeNFTUITests.framework in Frameworks */ = {isa = PBXBuildFile; fileRef = 6BFFA881396DA7CA886CD95A /* Pods_FakeNFT_FakeNFTUITests.framework */; };
		E19CD5AB2A98B56600CA39A5 /* NftImageCollectionViewCell.swift in Sources */ = {isa = PBXBuildFile; fileRef = E19CD5AA2A98B56600CA39A5 /* NftImageCollectionViewCell.swift */; };
		E1A1B9DA2AA01CE400C3AFBC /* TabBarController.swift in Sources */ = {isa = PBXBuildFile; fileRef = E1A1B9D92AA01CE400C3AFBC /* TabBarController.swift */; };
/* End PBXBuildFile section */

/* Begin PBXContainerItemProxy section */
		3F6806AA29CBBAF200B4F915 /* PBXContainerItemProxy */ = {
			isa = PBXContainerItemProxy;
			containerPortal = 3F68068B29CBBAF100B4F915 /* Project object */;
			proxyType = 1;
			remoteGlobalIDString = 3F68069229CBBAF100B4F915;
			remoteInfo = FakeNFT;
		};
		3F6806B429CBBAF200B4F915 /* PBXContainerItemProxy */ = {
			isa = PBXContainerItemProxy;
			containerPortal = 3F68068B29CBBAF100B4F915 /* Project object */;
			proxyType = 1;
			remoteGlobalIDString = 3F68069229CBBAF100B4F915;
			remoteInfo = FakeNFT;
		};
/* End PBXContainerItemProxy section */

/* Begin PBXFileReference section */
		0C79EE602A76DCD600EE90EA /* NftByIdRequest.swift */ = {isa = PBXFileReference; lastKnownFileType = sourcecode.swift; path = NftByIdRequest.swift; sourceTree = "<group>"; };
		0C79EE622A76DD1900EE90EA /* RequestConstants.swift */ = {isa = PBXFileReference; lastKnownFileType = sourcecode.swift; path = RequestConstants.swift; sourceTree = "<group>"; };
		0C79EE652A76DDFF00EE90EA /* NftDetailViewController.swift */ = {isa = PBXFileReference; lastKnownFileType = sourcecode.swift; path = NftDetailViewController.swift; sourceTree = "<group>"; };
		0C79EE672A76DE0900EE90EA /* NftDetailPresenter.swift */ = {isa = PBXFileReference; lastKnownFileType = sourcecode.swift; path = NftDetailPresenter.swift; sourceTree = "<group>"; };
		0C79EE692A76DE1000EE90EA /* NftDetailAssembly.swift */ = {isa = PBXFileReference; lastKnownFileType = sourcecode.swift; path = NftDetailAssembly.swift; sourceTree = "<group>"; };
		0C79EE6B2A76DE2E00EE90EA /* ServicesAssemly.swift */ = {isa = PBXFileReference; lastKnownFileType = sourcecode.swift; path = ServicesAssemly.swift; sourceTree = "<group>"; };
		0CF2C2DA2A783C1B00FDC837 /* LoadingView.swift */ = {isa = PBXFileReference; lastKnownFileType = sourcecode.swift; path = LoadingView.swift; sourceTree = "<group>"; };
		0CF2C2DC2A783CE600FDC837 /* ErrorView.swift */ = {isa = PBXFileReference; lastKnownFileType = sourcecode.swift; path = ErrorView.swift; sourceTree = "<group>"; };
		0CF2C2E02A784C7000FDC837 /* LinePageControl.swift */ = {isa = PBXFileReference; lastKnownFileType = sourcecode.swift; path = LinePageControl.swift; sourceTree = "<group>"; };
		0CFCB73F2A78002A0009A829 /* ExamplePutService.swift */ = {isa = PBXFileReference; lastKnownFileType = sourcecode.swift; path = ExamplePutService.swift; sourceTree = "<group>"; };
		0CFCB7412A78013E0009A829 /* Nft.swift */ = {isa = PBXFileReference; lastKnownFileType = sourcecode.swift; path = Nft.swift; sourceTree = "<group>"; };
		0CFCB7432A7802440009A829 /* NftDetailInput.swift */ = {isa = PBXFileReference; lastKnownFileType = sourcecode.swift; path = NftDetailInput.swift; sourceTree = "<group>"; };
		0CFCB7452A78064B0009A829 /* NftDetailCellModel.swift */ = {isa = PBXFileReference; lastKnownFileType = sourcecode.swift; path = NftDetailCellModel.swift; sourceTree = "<group>"; };
		0CFCB7482A7808900009A829 /* TestCatalogController.swift */ = {isa = PBXFileReference; lastKnownFileType = sourcecode.swift; path = TestCatalogController.swift; sourceTree = "<group>"; };
		0CFCB74A2A780EA80009A829 /* UIView+Constraints.swift */ = {isa = PBXFileReference; lastKnownFileType = sourcecode.swift; path = "UIView+Constraints.swift"; sourceTree = "<group>"; };
		0CFCB74D2A7817DC0009A829 /* NftStorage.swift */ = {isa = PBXFileReference; lastKnownFileType = sourcecode.swift; path = NftStorage.swift; sourceTree = "<group>"; };
		0EB16B008CA89F760FAAAF7F /* Pods_FakeNFTTests.framework */ = {isa = PBXFileReference; explicitFileType = wrapper.framework; includeInIndex = 0; path = Pods_FakeNFTTests.framework; sourceTree = BUILT_PRODUCTS_DIR; };
		3F478ED029DB476500F6D39E /* Fonts.swift */ = {isa = PBXFileReference; lastKnownFileType = sourcecode.swift; path = Fonts.swift; sourceTree = "<group>"; };
		3F68069329CBBAF100B4F915 /* FakeNFT.app */ = {isa = PBXFileReference; explicitFileType = wrapper.application; includeInIndex = 0; path = FakeNFT.app; sourceTree = BUILT_PRODUCTS_DIR; };
		3F68069629CBBAF100B4F915 /* AppDelegate.swift */ = {isa = PBXFileReference; lastKnownFileType = sourcecode.swift; path = AppDelegate.swift; sourceTree = "<group>"; };
		3F68069829CBBAF100B4F915 /* SceneDelegate.swift */ = {isa = PBXFileReference; lastKnownFileType = sourcecode.swift; path = SceneDelegate.swift; sourceTree = "<group>"; };
		3F68069A29CBBAF100B4F915 /* ProductDetailsTableViewController.swift */ = {isa = PBXFileReference; lastKnownFileType = sourcecode.swift; path = ProductDetailsTableViewController.swift; sourceTree = "<group>"; };
		3F6806A229CBBAF200B4F915 /* Base */ = {isa = PBXFileReference; lastKnownFileType = file.storyboard; name = Base; path = Base.lproj/LaunchScreen.storyboard; sourceTree = "<group>"; };
		3F6806A429CBBAF200B4F915 /* Info.plist */ = {isa = PBXFileReference; lastKnownFileType = text.plist.xml; path = Info.plist; sourceTree = "<group>"; };
		3F6806A929CBBAF200B4F915 /* FakeNFTTests.xctest */ = {isa = PBXFileReference; explicitFileType = wrapper.cfbundle; includeInIndex = 0; path = FakeNFTTests.xctest; sourceTree = BUILT_PRODUCTS_DIR; };
		3F6806AD29CBBAF200B4F915 /* ExampleUnitTests.swift */ = {isa = PBXFileReference; lastKnownFileType = sourcecode.swift; path = ExampleUnitTests.swift; sourceTree = "<group>"; };
		3F6806B329CBBAF200B4F915 /* FakeNFTUITests.xctest */ = {isa = PBXFileReference; explicitFileType = wrapper.cfbundle; includeInIndex = 0; path = FakeNFTUITests.xctest; sourceTree = BUILT_PRODUCTS_DIR; };
		3F6806B729CBBAF200B4F915 /* FakeNFTUITests.swift */ = {isa = PBXFileReference; lastKnownFileType = sourcecode.swift; path = FakeNFTUITests.swift; sourceTree = "<group>"; };
		3F6806D029CBBE6B00B4F915 /* NetworkClient.swift */ = {isa = PBXFileReference; lastKnownFileType = sourcecode.swift; path = NetworkClient.swift; sourceTree = "<group>"; };
		3F6806D229CBBE9600B4F915 /* NetworkRequest.swift */ = {isa = PBXFileReference; lastKnownFileType = sourcecode.swift; path = NetworkRequest.swift; sourceTree = "<group>"; };
		3F6806D429CBBEC700B4F915 /* NetworkTask.swift */ = {isa = PBXFileReference; lastKnownFileType = sourcecode.swift; path = NetworkTask.swift; sourceTree = "<group>"; };
		3F6806D629CBC50A00B4F915 /* CellsReusingUtils.swift */ = {isa = PBXFileReference; lastKnownFileType = sourcecode.swift; path = CellsReusingUtils.swift; sourceTree = "<group>"; };
		3FC8C38A29D242E90081F015 /* ProductDetailsTableViewCell.swift */ = {isa = PBXFileReference; lastKnownFileType = sourcecode.swift; path = ProductDetailsTableViewCell.swift; sourceTree = "<group>"; };
		3FC8C39029D2453B0081F015 /* ExamplePutRequest.swift */ = {isa = PBXFileReference; lastKnownFileType = sourcecode.swift; path = ExamplePutRequest.swift; sourceTree = "<group>"; };
		3FC8C39229D246BA0081F015 /* DateFormatters+Presets.swift */ = {isa = PBXFileReference; lastKnownFileType = sourcecode.swift; path = "DateFormatters+Presets.swift"; sourceTree = "<group>"; };
		4069E58B2D098C5C00BBEB39 /* Colors.xcassets */ = {isa = PBXFileReference; lastKnownFileType = folder.assetcatalog; path = Colors.xcassets; sourceTree = "<group>"; };
		4069E58C2D098C5C00BBEB39 /* Icons.xcassets */ = {isa = PBXFileReference; lastKnownFileType = folder.assetcatalog; path = Icons.xcassets; sourceTree = "<group>"; };
		4069E58D2D098C5C00BBEB39 /* Images.xcassets */ = {isa = PBXFileReference; lastKnownFileType = folder.assetcatalog; path = Images.xcassets; sourceTree = "<group>"; };
		4069E5A62D098D7800BBEB39 /* ru */ = {isa = PBXFileReference; lastKnownFileType = text.plist.strings; name = ru; path = ru.lproj/Localizable.strings; sourceTree = "<group>"; };
		4069E5A92D098D8200BBEB39 /* ru */ = {isa = PBXFileReference; lastKnownFileType = text.plist.stringsdict; name = ru; path = ru.lproj/Localizable.stringsdict; sourceTree = "<group>"; };
		4069E5AB2D098D8D00BBEB39 /* en */ = {isa = PBXFileReference; lastKnownFileType = text.plist.strings; name = en; path = en.lproj/Localizable.strings; sourceTree = "<group>"; };
		4069E5AC2D098D8D00BBEB39 /* en */ = {isa = PBXFileReference; lastKnownFileType = text.plist.stringsdict; name = en; path = en.lproj/Localizable.stringsdict; sourceTree = "<group>"; };
		4069E5AD2D09905000BBEB39 /* swiftgen.yml */ = {isa = PBXFileReference; fileEncoding = 4; lastKnownFileType = text.yaml; path = swiftgen.yml; sourceTree = "<group>"; };
		4069E5B22D09B04200BBEB39 /* XCAssets+Generated.swift */ = {isa = PBXFileReference; fileEncoding = 4; lastKnownFileType = sourcecode.swift; path = "XCAssets+Generated.swift"; sourceTree = "<group>"; };
		4069E5B32D09B04200BBEB39 /* Strings+Generated.swift */ = {isa = PBXFileReference; fileEncoding = 4; lastKnownFileType = sourcecode.swift; path = "Strings+Generated.swift"; sourceTree = "<group>"; };
		4069E5B92D09E0B900BBEB39 /* ProfileViewController.swift */ = {isa = PBXFileReference; lastKnownFileType = sourcecode.swift; path = ProfileViewController.swift; sourceTree = "<group>"; };
		43A4F5B72D1EA21100713CED /* PaymentCollectionViewCell.swift */ = {isa = PBXFileReference; lastKnownFileType = sourcecode.swift; path = PaymentCollectionViewCell.swift; sourceTree = "<group>"; };
		43A4F5BB2D1EA9F900713CED /* CurrencyModel.swift */ = {isa = PBXFileReference; lastKnownFileType = sourcecode.swift; path = CurrencyModel.swift; sourceTree = "<group>"; };
		43A4F5BD2D1EAB2700713CED /* PaymentView.swift */ = {isa = PBXFileReference; lastKnownFileType = sourcecode.swift; path = PaymentView.swift; sourceTree = "<group>"; };
		43A4F5BF2D1EAD6D00713CED /* PaymentViewController.swift */ = {isa = PBXFileReference; lastKnownFileType = sourcecode.swift; path = PaymentViewController.swift; sourceTree = "<group>"; };
		43A4F5C12D1EAD8200713CED /* PaymentViewModel.swift */ = {isa = PBXFileReference; lastKnownFileType = sourcecode.swift; path = PaymentViewModel.swift; sourceTree = "<group>"; };
		43A4F5C32D1EAE5700713CED /* GetCurrenciesRequest.swift */ = {isa = PBXFileReference; lastKnownFileType = sourcecode.swift; path = GetCurrenciesRequest.swift; sourceTree = "<group>"; };
		43A4F5C52D1ED33200713CED /* PaymentBottomTableViewCell.swift */ = {isa = PBXFileReference; lastKnownFileType = sourcecode.swift; path = PaymentBottomTableViewCell.swift; sourceTree = "<group>"; };
		43A4F5C72D1EEC1400713CED /* PaymentResponse.swift */ = {isa = PBXFileReference; lastKnownFileType = sourcecode.swift; path = PaymentResponse.swift; sourceTree = "<group>"; };
		43A4F5C92D1EECAE00713CED /* GetPaymentRequest.swift */ = {isa = PBXFileReference; lastKnownFileType = sourcecode.swift; path = GetPaymentRequest.swift; sourceTree = "<group>"; };
		43A4F5CB2D1EF61D00713CED /* SuccsesfulPaymentView.swift */ = {isa = PBXFileReference; lastKnownFileType = sourcecode.swift; path = SuccsesfulPaymentView.swift; sourceTree = "<group>"; };
		43A4F5CD2D1EF93B00713CED /* SuccessfulPaymentViewController.swift */ = {isa = PBXFileReference; lastKnownFileType = sourcecode.swift; path = SuccessfulPaymentViewController.swift; sourceTree = "<group>"; };
		43A4F5CF2D1F0FF400713CED /* EmptyView.swift */ = {isa = PBXFileReference; lastKnownFileType = sourcecode.swift; path = EmptyView.swift; sourceTree = "<group>"; };
		43CBD6912D145F1A00F202D4 /* CartItemModel.swift */ = {isa = PBXFileReference; lastKnownFileType = sourcecode.swift; path = CartItemModel.swift; sourceTree = "<group>"; };
		43CBD6932D145F6D00F202D4 /* CartModel.swift */ = {isa = PBXFileReference; lastKnownFileType = sourcecode.swift; path = CartModel.swift; sourceTree = "<group>"; };
		43CBD6962D14602000F202D4 /* AlertButton.swift */ = {isa = PBXFileReference; lastKnownFileType = sourcecode.swift; path = AlertButton.swift; sourceTree = "<group>"; };
		43CBD6982D14604700F202D4 /* AlertModel.swift */ = {isa = PBXFileReference; lastKnownFileType = sourcecode.swift; path = AlertModel.swift; sourceTree = "<group>"; };
		43CBD69A2D14605F00F202D4 /* AlertTextField.swift */ = {isa = PBXFileReference; lastKnownFileType = sourcecode.swift; path = AlertTextField.swift; sourceTree = "<group>"; };
		43CBD69C2D14608200F202D4 /* AlertWithTextFieldModel.swift */ = {isa = PBXFileReference; lastKnownFileType = sourcecode.swift; path = AlertWithTextFieldModel.swift; sourceTree = "<group>"; };
		43CBD69F2D1460B100F202D4 /* AlertPresenter.swift */ = {isa = PBXFileReference; lastKnownFileType = sourcecode.swift; path = AlertPresenter.swift; sourceTree = "<group>"; };
		43CBD6A12D1460EA00F202D4 /* RatingStackView.swift */ = {isa = PBXFileReference; lastKnownFileType = sourcecode.swift; path = RatingStackView.swift; sourceTree = "<group>"; };
		43CBD6A42D14612E00F202D4 /* Configuration.swift */ = {isa = PBXFileReference; lastKnownFileType = sourcecode.swift; path = Configuration.swift; sourceTree = "<group>"; };
		43CBD6A62D14650800F202D4 /* CartService.swift */ = {isa = PBXFileReference; lastKnownFileType = sourcecode.swift; path = CartService.swift; sourceTree = "<group>"; };
		43CBD6A82D1466BF00F202D4 /* GetCartRequest.swift */ = {isa = PBXFileReference; lastKnownFileType = sourcecode.swift; path = GetCartRequest.swift; sourceTree = "<group>"; };
		43CBD6AB2D14674700F202D4 /* Storage.swift */ = {isa = PBXFileReference; lastKnownFileType = sourcecode.swift; path = Storage.swift; sourceTree = "<group>"; };
		43CBD6AE2D146B2300F202D4 /* CartView.swift */ = {isa = PBXFileReference; lastKnownFileType = sourcecode.swift; path = CartView.swift; sourceTree = "<group>"; };
		43CBD6B02D146DB800F202D4 /* CartViewModel.swift */ = {isa = PBXFileReference; lastKnownFileType = sourcecode.swift; path = CartViewModel.swift; sourceTree = "<group>"; };
		43CBD6B22D146FB200F202D4 /* CartTableViewCell.swift */ = {isa = PBXFileReference; lastKnownFileType = sourcecode.swift; path = CartTableViewCell.swift; sourceTree = "<group>"; };
		43CBD6B42D147DA500F202D4 /* CartNFTModel.swift */ = {isa = PBXFileReference; lastKnownFileType = sourcecode.swift; path = CartNFTModel.swift; sourceTree = "<group>"; };
		43CBD6C22D1484F100F202D4 /* CartViewController.swift */ = {isa = PBXFileReference; lastKnownFileType = sourcecode.swift; path = CartViewController.swift; sourceTree = "<group>"; };
		43CBD6C42D14A9D500F202D4 /* CartNavigationViewController.swift */ = {isa = PBXFileReference; lastKnownFileType = sourcecode.swift; path = CartNavigationViewController.swift; sourceTree = "<group>"; };
		43CBD6C72D14ADF200F202D4 /* CartPayTableViewCell.swift */ = {isa = PBXFileReference; lastKnownFileType = sourcecode.swift; path = CartPayTableViewCell.swift; sourceTree = "<group>"; };
		543F9B3AC0A71170097A8254 /* Pods-FakeNFT.release.xcconfig */ = {isa = PBXFileReference; includeInIndex = 1; lastKnownFileType = text.xcconfig; name = "Pods-FakeNFT.release.xcconfig"; path = "Target Support Files/Pods-FakeNFT/Pods-FakeNFT.release.xcconfig"; sourceTree = "<group>"; };
		558E39E62C68CE0900FB86AC /* NftService.swift */ = {isa = PBXFileReference; lastKnownFileType = sourcecode.swift; path = NftService.swift; sourceTree = "<group>"; };
		6BFFA881396DA7CA886CD95A /* Pods_FakeNFT_FakeNFTUITests.framework */ = {isa = PBXFileReference; explicitFileType = wrapper.framework; includeInIndex = 0; path = Pods_FakeNFT_FakeNFTUITests.framework; sourceTree = BUILT_PRODUCTS_DIR; };
		7A557F787D04225498A1FF2D /* Pods_FakeNFT.framework */ = {isa = PBXFileReference; explicitFileType = wrapper.framework; includeInIndex = 0; path = Pods_FakeNFT.framework; sourceTree = BUILT_PRODUCTS_DIR; };
		8CA29D0707E24B8B9FAA5365 /* Pods-FakeNFT-FakeNFTUITests.release.xcconfig */ = {isa = PBXFileReference; includeInIndex = 1; lastKnownFileType = text.xcconfig; name = "Pods-FakeNFT-FakeNFTUITests.release.xcconfig"; path = "Target Support Files/Pods-FakeNFT-FakeNFTUITests/Pods-FakeNFT-FakeNFTUITests.release.xcconfig"; sourceTree = "<group>"; };
		92989ACCC58DFBA408C28A91 /* Pods-FakeNFT.debug.xcconfig */ = {isa = PBXFileReference; includeInIndex = 1; lastKnownFileType = text.xcconfig; name = "Pods-FakeNFT.debug.xcconfig"; path = "Target Support Files/Pods-FakeNFT/Pods-FakeNFT.debug.xcconfig"; sourceTree = "<group>"; };
		A8E20BF20A3B3192FCAA3854 /* Pods-FakeNFT-FakeNFTUITests.debug.xcconfig */ = {isa = PBXFileReference; includeInIndex = 1; lastKnownFileType = text.xcconfig; name = "Pods-FakeNFT-FakeNFTUITests.debug.xcconfig"; path = "Target Support Files/Pods-FakeNFT-FakeNFTUITests/Pods-FakeNFT-FakeNFTUITests.debug.xcconfig"; sourceTree = "<group>"; };
		E19CD5AA2A98B56600CA39A5 /* NftImageCollectionViewCell.swift */ = {isa = PBXFileReference; lastKnownFileType = sourcecode.swift; path = NftImageCollectionViewCell.swift; sourceTree = "<group>"; };
		E1A1B9D92AA01CE400C3AFBC /* TabBarController.swift */ = {isa = PBXFileReference; lastKnownFileType = sourcecode.swift; path = TabBarController.swift; sourceTree = "<group>"; };
		F14910062595632023C142A7 /* Pods-FakeNFTTests.release.xcconfig */ = {isa = PBXFileReference; includeInIndex = 1; lastKnownFileType = text.xcconfig; name = "Pods-FakeNFTTests.release.xcconfig"; path = "Target Support Files/Pods-FakeNFTTests/Pods-FakeNFTTests.release.xcconfig"; sourceTree = "<group>"; };
		FDADF454982A8057BB31AE51 /* Pods-FakeNFTTests.debug.xcconfig */ = {isa = PBXFileReference; includeInIndex = 1; lastKnownFileType = text.xcconfig; name = "Pods-FakeNFTTests.debug.xcconfig"; path = "Target Support Files/Pods-FakeNFTTests/Pods-FakeNFTTests.debug.xcconfig"; sourceTree = "<group>"; };
/* End PBXFileReference section */

/* Begin PBXFrameworksBuildPhase section */
		3F68069029CBBAF100B4F915 /* Frameworks */ = {
			isa = PBXFrameworksBuildPhase;
			buildActionMask = 2147483647;
			files = (
				43CBD6CE2D14C93800F202D4 /* ProgressHUD in Frameworks */,
				43CBD6CB2D14C93200F202D4 /* Kingfisher in Frameworks */,
				58D6A07549D8E33E04610D0F /* Pods_FakeNFT.framework in Frameworks */,
			);
			runOnlyForDeploymentPostprocessing = 0;
		};
		3F6806A629CBBAF200B4F915 /* Frameworks */ = {
			isa = PBXFrameworksBuildPhase;
			buildActionMask = 2147483647;
			files = (
				4B25FD0EC4EF35734AD0229B /* Pods_FakeNFTTests.framework in Frameworks */,
			);
			runOnlyForDeploymentPostprocessing = 0;
		};
		3F6806B029CBBAF200B4F915 /* Frameworks */ = {
			isa = PBXFrameworksBuildPhase;
			buildActionMask = 2147483647;
			files = (
				A823EA50FB72CD0A0A0BAC94 /* Pods_FakeNFT_FakeNFTUITests.framework in Frameworks */,
			);
			runOnlyForDeploymentPostprocessing = 0;
		};
/* End PBXFrameworksBuildPhase section */

/* Begin PBXGroup section */
		0C79EE642A76DDCF00EE90EA /* NftDetails */ = {
			isa = PBXGroup;
			children = (
				E19CD5A92A98B55900CA39A5 /* Cell */,
				0C79EE652A76DDFF00EE90EA /* NftDetailViewController.swift */,
				0C79EE672A76DE0900EE90EA /* NftDetailPresenter.swift */,
				0C79EE692A76DE1000EE90EA /* NftDetailAssembly.swift */,
				0CFCB7432A7802440009A829 /* NftDetailInput.swift */,
			);
			path = NftDetails;
			sourceTree = "<group>";
		};
		0CF2C2D92A783C1600FDC837 /* Common */ = {
			isa = PBXGroup;
			children = (
				0CF2C2DF2A784C5600FDC837 /* Views */,
				0CF2C2DE2A784C4C00FDC837 /* Protocols */,
				43CBD6A12D1460EA00F202D4 /* RatingStackView.swift */,
			);
			path = Common;
			sourceTree = "<group>";
		};
		0CF2C2DE2A784C4C00FDC837 /* Protocols */ = {
			isa = PBXGroup;
			children = (
				0CF2C2DA2A783C1B00FDC837 /* LoadingView.swift */,
				0CF2C2DC2A783CE600FDC837 /* ErrorView.swift */,
			);
			path = Protocols;
			sourceTree = "<group>";
		};
		0CF2C2DF2A784C5600FDC837 /* Views */ = {
			isa = PBXGroup;
			children = (
				0CF2C2E02A784C7000FDC837 /* LinePageControl.swift */,
			);
			path = Views;
			sourceTree = "<group>";
		};
		0CFCB7472A7808870009A829 /* Catalog */ = {
			isa = PBXGroup;
			children = (
				0CFCB7482A7808900009A829 /* TestCatalogController.swift */,
			);
			path = Catalog;
			sourceTree = "<group>";
		};
		0CFCB74C2A7817C30009A829 /* MemoryStorage */ = {
			isa = PBXGroup;
			children = (
				0CFCB74D2A7817DC0009A829 /* NftStorage.swift */,
			);
			path = MemoryStorage;
			sourceTree = "<group>";
		};
		21A0983AAB5B4CB679A534B9 /* Pods */ = {
			isa = PBXGroup;
			children = (
				92989ACCC58DFBA408C28A91 /* Pods-FakeNFT.debug.xcconfig */,
				543F9B3AC0A71170097A8254 /* Pods-FakeNFT.release.xcconfig */,
				A8E20BF20A3B3192FCAA3854 /* Pods-FakeNFT-FakeNFTUITests.debug.xcconfig */,
				8CA29D0707E24B8B9FAA5365 /* Pods-FakeNFT-FakeNFTUITests.release.xcconfig */,
				FDADF454982A8057BB31AE51 /* Pods-FakeNFTTests.debug.xcconfig */,
				F14910062595632023C142A7 /* Pods-FakeNFTTests.release.xcconfig */,
			);
			path = Pods;
			sourceTree = "<group>";
		};
		3F478ECD29DB473000F6D39E /* DesignSystem */ = {
			isa = PBXGroup;
			children = (
				4069E5B32D09B04200BBEB39 /* Strings+Generated.swift */,
				4069E5B22D09B04200BBEB39 /* XCAssets+Generated.swift */,
				3F478ED029DB476500F6D39E /* Fonts.swift */,
			);
			path = DesignSystem;
			sourceTree = "<group>";
		};
		3F68068A29CBBAF100B4F915 = {
			isa = PBXGroup;
			children = (
				3F68069529CBBAF100B4F915 /* FakeNFT */,
				3F6806AC29CBBAF200B4F915 /* FakeNFTTests */,
				3F6806B629CBBAF200B4F915 /* FakeNFTUITests */,
				3F68069429CBBAF100B4F915 /* Products */,
				21A0983AAB5B4CB679A534B9 /* Pods */,
				F23746F60E926538473026FC /* Frameworks */,
			);
			sourceTree = "<group>";
		};
		3F68069429CBBAF100B4F915 /* Products */ = {
			isa = PBXGroup;
			children = (
				3F68069329CBBAF100B4F915 /* FakeNFT.app */,
				3F6806A929CBBAF200B4F915 /* FakeNFTTests.xctest */,
				3F6806B329CBBAF200B4F915 /* FakeNFTUITests.xctest */,
			);
			name = Products;
			sourceTree = "<group>";
		};
		3F68069529CBBAF100B4F915 /* FakeNFT */ = {
			isa = PBXGroup;
			children = (
				43CBD6AA2D14671C00F202D4 /* Storage */,
				4069E5AD2D09905000BBEB39 /* swiftgen.yml */,
				3F68069629CBBAF100B4F915 /* AppDelegate.swift */,
				3F68069829CBBAF100B4F915 /* SceneDelegate.swift */,
				E1CD40DA2A96BE9B00BE7FE8 /* Resources */,
				3F478ECD29DB473000F6D39E /* DesignSystem */,
				3F6806CE29CBBD1B00B4F915 /* Foundation */,
				3F6806C929CBBCAF00B4F915 /* Models */,
				3F6806C729CBBC5B00B4F915 /* Scenes  */,
				3F6806C629CBBC4E00B4F915 /* Services */,
				3F6806A429CBBAF200B4F915 /* Info.plist */,
			);
			path = FakeNFT;
			sourceTree = "<group>";
		};
		3F6806AC29CBBAF200B4F915 /* FakeNFTTests */ = {
			isa = PBXGroup;
			children = (
				3F6806AD29CBBAF200B4F915 /* ExampleUnitTests.swift */,
			);
			path = FakeNFTTests;
			sourceTree = "<group>";
		};
		3F6806B629CBBAF200B4F915 /* FakeNFTUITests */ = {
			isa = PBXGroup;
			children = (
				3F6806B729CBBAF200B4F915 /* FakeNFTUITests.swift */,
			);
			path = FakeNFTUITests;
			sourceTree = "<group>";
		};
		3F6806C629CBBC4E00B4F915 /* Services */ = {
			isa = PBXGroup;
			children = (
				3FC8C38F29D245250081F015 /* Requests */,
				0C79EE6B2A76DE2E00EE90EA /* ServicesAssemly.swift */,
				558E39E62C68CE0900FB86AC /* NftService.swift */,
				0CFCB73F2A78002A0009A829 /* ExamplePutService.swift */,
				43CBD6A62D14650800F202D4 /* CartService.swift */,
			);
			path = Services;
			sourceTree = "<group>";
		};
		3F6806C729CBBC5B00B4F915 /* Scenes  */ = {
			isa = PBXGroup;
			children = (
				43CBD69E2D1460A100F202D4 /* Alert */,
				3F6806A129CBBAF200B4F915 /* LaunchScreen.storyboard */,
				0CF2C2D92A783C1600FDC837 /* Common */,
				E1A1B9D82AA01C9700C3AFBC /* TabBarController */,
				0CFCB7472A7808870009A829 /* Catalog */,
				4069E5B72D09B5C200BBEB39 /* Cart */,
				4069E5B82D09B62D00BBEB39 /* Statistic */,
				4069E5B62D09B5A300BBEB39 /* Profile */,
				0C79EE642A76DDCF00EE90EA /* NftDetails */,
				3F6806C829CBBC8100B4F915 /* ProductDetails */,
			);
			path = "Scenes ";
			sourceTree = "<group>";
		};
		3F6806C829CBBC8100B4F915 /* ProductDetails */ = {
			isa = PBXGroup;
			children = (
				3F68069A29CBBAF100B4F915 /* ProductDetailsTableViewController.swift */,
				3FC8C38A29D242E90081F015 /* ProductDetailsTableViewCell.swift */,
			);
			path = ProductDetails;
			sourceTree = "<group>";
		};
		3F6806C929CBBCAF00B4F915 /* Models */ = {
			isa = PBXGroup;
			children = (
				43CBD6952D14600E00F202D4 /* Alert */,
				43CBD6902D145F0200F202D4 /* Cart */,
				3F6806D829CC979D00B4F915 /* Network */,
			);
			path = Models;
			sourceTree = "<group>";
		};
		3F6806CE29CBBD1B00B4F915 /* Foundation */ = {
			isa = PBXGroup;
			children = (
				0CFCB74C2A7817C30009A829 /* MemoryStorage */,
				3F6806CF29CBBDB100B4F915 /* NetworkClient */,
				3F6806D629CBC50A00B4F915 /* CellsReusingUtils.swift */,
				3FC8C39229D246BA0081F015 /* DateFormatters+Presets.swift */,
				0CFCB74A2A780EA80009A829 /* UIView+Constraints.swift */,
			);
			path = Foundation;
			sourceTree = "<group>";
		};
		3F6806CF29CBBDB100B4F915 /* NetworkClient */ = {
			isa = PBXGroup;
			children = (
				3F6806D029CBBE6B00B4F915 /* NetworkClient.swift */,
				3F6806D229CBBE9600B4F915 /* NetworkRequest.swift */,
				3F6806D429CBBEC700B4F915 /* NetworkTask.swift */,
			);
			path = NetworkClient;
			sourceTree = "<group>";
		};
		3F6806D829CC979D00B4F915 /* Network */ = {
			isa = PBXGroup;
			children = (
				0CFCB7412A78013E0009A829 /* Nft.swift */,
			);
			path = Network;
			sourceTree = "<group>";
		};
		3FC8C38F29D245250081F015 /* Requests */ = {
			isa = PBXGroup;
			children = (
				0C79EE622A76DD1900EE90EA /* RequestConstants.swift */,
				3FC8C39029D2453B0081F015 /* ExamplePutRequest.swift */,
				0C79EE602A76DCD600EE90EA /* NftByIdRequest.swift */,
				43CBD6A42D14612E00F202D4 /* Configuration.swift */,
				43CBD6A82D1466BF00F202D4 /* GetCartRequest.swift */,
				43A4F5C32D1EAE5700713CED /* GetCurrenciesRequest.swift */,
				43A4F5C92D1EECAE00713CED /* GetPaymentRequest.swift */,
			);
			path = Requests;
			sourceTree = "<group>";
		};
		4069E5B62D09B5A300BBEB39 /* Profile */ = {
			isa = PBXGroup;
			children = (
				4069E5B92D09E0B900BBEB39 /* ProfileViewController.swift */,
			);
			path = Profile;
			sourceTree = "<group>";
		};
		4069E5B72D09B5C200BBEB39 /* Cart */ = {
			isa = PBXGroup;
			children = (
				43A4F5B42D1EA1BA00713CED /* Payment */,
				43CBD6C62D14ADCC00F202D4 /* Models */,
				43CBD6AD2D146AE500F202D4 /* Views */,
				43CBD6C22D1484F100F202D4 /* CartViewController.swift */,
				43CBD6C42D14A9D500F202D4 /* CartNavigationViewController.swift */,
			);
			path = Cart;
			sourceTree = "<group>";
		};
		4069E5B82D09B62D00BBEB39 /* Statistic */ = {
			isa = PBXGroup;
			children = (
			);
			path = Statistic;
			sourceTree = "<group>";
		};
		43A4F5B42D1EA1BA00713CED /* Payment */ = {
			isa = PBXGroup;
			children = (
				43A4F5B62D1EA1E400713CED /* Models */,
				43A4F5B52D1EA1D900713CED /* Views */,
				43A4F5BF2D1EAD6D00713CED /* PaymentViewController.swift */,
				43A4F5CD2D1EF93B00713CED /* SuccessfulPaymentViewController.swift */,
			);
			path = Payment;
			sourceTree = "<group>";
		};
		43A4F5B52D1EA1D900713CED /* Views */ = {
			isa = PBXGroup;
			children = (
				43A4F5B72D1EA21100713CED /* PaymentCollectionViewCell.swift */,
				43A4F5BD2D1EAB2700713CED /* PaymentView.swift */,
				43A4F5C52D1ED33200713CED /* PaymentBottomTableViewCell.swift */,
				43A4F5CB2D1EF61D00713CED /* SuccsesfulPaymentView.swift */,
				43A4F5CF2D1F0FF400713CED /* EmptyView.swift */,
			);
			path = Views;
			sourceTree = "<group>";
		};
		43A4F5B62D1EA1E400713CED /* Models */ = {
			isa = PBXGroup;
			children = (
				43A4F5C12D1EAD8200713CED /* PaymentViewModel.swift */,
			);
			path = Models;
			sourceTree = "<group>";
		};
		43A4F5BA2D1EA9CF00713CED /* CurrencyModels */ = {
			isa = PBXGroup;
			children = (
				43A4F5BB2D1EA9F900713CED /* CurrencyModel.swift */,
				43A4F5C72D1EEC1400713CED /* PaymentResponse.swift */,
			);
			path = CurrencyModels;
			sourceTree = "<group>";
		};
		43CBD6902D145F0200F202D4 /* Cart */ = {
			isa = PBXGroup;
			children = (
				43A4F5BA2D1EA9CF00713CED /* CurrencyModels */,
				43CBD6912D145F1A00F202D4 /* CartItemModel.swift */,
				43CBD6932D145F6D00F202D4 /* CartModel.swift */,
				43CBD6B42D147DA500F202D4 /* CartNFTModel.swift */,
			);
			path = Cart;
			sourceTree = "<group>";
		};
		43CBD6952D14600E00F202D4 /* Alert */ = {
			isa = PBXGroup;
			children = (
				43CBD6962D14602000F202D4 /* AlertButton.swift */,
				43CBD6982D14604700F202D4 /* AlertModel.swift */,
				43CBD69A2D14605F00F202D4 /* AlertTextField.swift */,
				43CBD69C2D14608200F202D4 /* AlertWithTextFieldModel.swift */,
			);
			path = Alert;
			sourceTree = "<group>";
		};
		43CBD69E2D1460A100F202D4 /* Alert */ = {
			isa = PBXGroup;
			children = (
				43CBD69F2D1460B100F202D4 /* AlertPresenter.swift */,
			);
			path = Alert;
			sourceTree = "<group>";
		};
		43CBD6AA2D14671C00F202D4 /* Storage */ = {
			isa = PBXGroup;
			children = (
				43CBD6AB2D14674700F202D4 /* Storage.swift */,
			);
			path = Storage;
			sourceTree = "<group>";
		};
		43CBD6AD2D146AE500F202D4 /* Views */ = {
			isa = PBXGroup;
			children = (
				43CBD6AE2D146B2300F202D4 /* CartView.swift */,
				43CBD6B22D146FB200F202D4 /* CartTableViewCell.swift */,
				43CBD6C72D14ADF200F202D4 /* CartPayTableViewCell.swift */,
			);
			path = Views;
			sourceTree = "<group>";
		};
		43CBD6C62D14ADCC00F202D4 /* Models */ = {
			isa = PBXGroup;
			children = (
				43CBD6B02D146DB800F202D4 /* CartViewModel.swift */,
			);
			path = Models;
			sourceTree = "<group>";
		};
		E19CD5A92A98B55900CA39A5 /* Cell */ = {
			isa = PBXGroup;
			children = (
				0CFCB7452A78064B0009A829 /* NftDetailCellModel.swift */,
				E19CD5AA2A98B56600CA39A5 /* NftImageCollectionViewCell.swift */,
			);
			path = Cell;
			sourceTree = "<group>";
		};
		E1A1B9D82AA01C9700C3AFBC /* TabBarController */ = {
			isa = PBXGroup;
			children = (
				E1A1B9D92AA01CE400C3AFBC /* TabBarController.swift */,
			);
			path = TabBarController;
			sourceTree = "<group>";
		};
		E1CD40DA2A96BE9B00BE7FE8 /* Resources */ = {
			isa = PBXGroup;
			children = (
				4069E58B2D098C5C00BBEB39 /* Colors.xcassets */,
				4069E58C2D098C5C00BBEB39 /* Icons.xcassets */,
				4069E58D2D098C5C00BBEB39 /* Images.xcassets */,
				4069E5A52D098D7800BBEB39 /* Localizable.strings */,
				4069E5A82D098D8200BBEB39 /* Localizable.stringsdict */,
			);
			path = Resources;
			sourceTree = "<group>";
		};
		F23746F60E926538473026FC /* Frameworks */ = {
			isa = PBXGroup;
			children = (
				7A557F787D04225498A1FF2D /* Pods_FakeNFT.framework */,
				6BFFA881396DA7CA886CD95A /* Pods_FakeNFT_FakeNFTUITests.framework */,
				0EB16B008CA89F760FAAAF7F /* Pods_FakeNFTTests.framework */,
			);
			name = Frameworks;
			sourceTree = "<group>";
		};
/* End PBXGroup section */

/* Begin PBXNativeTarget section */
		3F68069229CBBAF100B4F915 /* FakeNFT */ = {
			isa = PBXNativeTarget;
			buildConfigurationList = 3F6806BD29CBBAF200B4F915 /* Build configuration list for PBXNativeTarget "FakeNFT" */;
			buildPhases = (
				5EA4AD21E2C566F4414E2738 /* [CP] Check Pods Manifest.lock */,
				4069E5B02D09ADA600BBEB39 /* SwiftGen */,
				3F68068F29CBBAF100B4F915 /* Sources */,
				3F68069029CBBAF100B4F915 /* Frameworks */,
				3F68069129CBBAF100B4F915 /* Resources */,
				9B1A6381A69A105F0C38A36C /* [CP] Embed Pods Frameworks */,
			);
			buildRules = (
			);
			dependencies = (
			);
			name = FakeNFT;
			packageProductDependencies = (
				43CBD6CA2D14C93200F202D4 /* Kingfisher */,
				43CBD6CD2D14C93800F202D4 /* ProgressHUD */,
			);
			productName = FakeNFT;
			productReference = 3F68069329CBBAF100B4F915 /* FakeNFT.app */;
			productType = "com.apple.product-type.application";
		};
		3F6806A829CBBAF200B4F915 /* FakeNFTTests */ = {
			isa = PBXNativeTarget;
			buildConfigurationList = 3F6806C029CBBAF200B4F915 /* Build configuration list for PBXNativeTarget "FakeNFTTests" */;
			buildPhases = (
				D29058FF31CE1EDE830C3E08 /* [CP] Check Pods Manifest.lock */,
				3F6806A529CBBAF200B4F915 /* Sources */,
				3F6806A629CBBAF200B4F915 /* Frameworks */,
				3F6806A729CBBAF200B4F915 /* Resources */,
			);
			buildRules = (
			);
			dependencies = (
				3F6806AB29CBBAF200B4F915 /* PBXTargetDependency */,
			);
			name = FakeNFTTests;
			productName = FakeNFTTests;
			productReference = 3F6806A929CBBAF200B4F915 /* FakeNFTTests.xctest */;
			productType = "com.apple.product-type.bundle.unit-test";
		};
		3F6806B229CBBAF200B4F915 /* FakeNFTUITests */ = {
			isa = PBXNativeTarget;
			buildConfigurationList = 3F6806C329CBBAF200B4F915 /* Build configuration list for PBXNativeTarget "FakeNFTUITests" */;
			buildPhases = (
				8041DE2728E8DFC8306F38E7 /* [CP] Check Pods Manifest.lock */,
				3F6806AF29CBBAF200B4F915 /* Sources */,
				3F6806B029CBBAF200B4F915 /* Frameworks */,
				3F6806B129CBBAF200B4F915 /* Resources */,
				FD4E01281121502FB186B8B1 /* [CP] Embed Pods Frameworks */,
			);
			buildRules = (
			);
			dependencies = (
				3F6806B529CBBAF200B4F915 /* PBXTargetDependency */,
			);
			name = FakeNFTUITests;
			productName = FakeNFTUITests;
			productReference = 3F6806B329CBBAF200B4F915 /* FakeNFTUITests.xctest */;
			productType = "com.apple.product-type.bundle.ui-testing";
		};
/* End PBXNativeTarget section */

/* Begin PBXProject section */
		3F68068B29CBBAF100B4F915 /* Project object */ = {
			isa = PBXProject;
			attributes = {
				BuildIndependentTargetsInParallel = 1;
				LastSwiftUpdateCheck = 1420;
				LastUpgradeCheck = 1610;
				TargetAttributes = {
					3F68069229CBBAF100B4F915 = {
						CreatedOnToolsVersion = 14.2;
					};
					3F6806A829CBBAF200B4F915 = {
						CreatedOnToolsVersion = 14.2;
						TestTargetID = 3F68069229CBBAF100B4F915;
					};
					3F6806B229CBBAF200B4F915 = {
						CreatedOnToolsVersion = 14.2;
						TestTargetID = 3F68069229CBBAF100B4F915;
					};
				};
			};
			buildConfigurationList = 3F68068E29CBBAF100B4F915 /* Build configuration list for PBXProject "FakeNFT" */;
			compatibilityVersion = "Xcode 14.0";
			developmentRegion = ru;
			hasScannedForEncodings = 0;
			knownRegions = (
				Base,
				ru,
				en,
			);
			mainGroup = 3F68068A29CBBAF100B4F915;
			packageReferences = (
				43CBD6C92D14C93200F202D4 /* XCRemoteSwiftPackageReference "Kingfisher" */,
				43CBD6CC2D14C93800F202D4 /* XCRemoteSwiftPackageReference "ProgressHUD" */,
			);
			productRefGroup = 3F68069429CBBAF100B4F915 /* Products */;
			projectDirPath = "";
			projectRoot = "";
			targets = (
				3F68069229CBBAF100B4F915 /* FakeNFT */,
				3F6806A829CBBAF200B4F915 /* FakeNFTTests */,
				3F6806B229CBBAF200B4F915 /* FakeNFTUITests */,
			);
		};
/* End PBXProject section */

/* Begin PBXResourcesBuildPhase section */
		3F68069129CBBAF100B4F915 /* Resources */ = {
			isa = PBXResourcesBuildPhase;
			buildActionMask = 2147483647;
			files = (
				4069E5A72D098D7800BBEB39 /* Localizable.strings in Resources */,
				4069E5AE2D09905000BBEB39 /* swiftgen.yml in Resources */,
				4069E59E2D098C5C00BBEB39 /* Images.xcassets in Resources */,
				4069E59D2D098C5C00BBEB39 /* Icons.xcassets in Resources */,
				40CA15EC2D09E5FD00FE1213 /* LaunchScreen.storyboard in Resources */,
				4069E59C2D098C5C00BBEB39 /* Colors.xcassets in Resources */,
				4069E5AA2D098D8200BBEB39 /* Localizable.stringsdict in Resources */,
			);
			runOnlyForDeploymentPostprocessing = 0;
		};
		3F6806A729CBBAF200B4F915 /* Resources */ = {
			isa = PBXResourcesBuildPhase;
			buildActionMask = 2147483647;
			files = (
			);
			runOnlyForDeploymentPostprocessing = 0;
		};
		3F6806B129CBBAF200B4F915 /* Resources */ = {
			isa = PBXResourcesBuildPhase;
			buildActionMask = 2147483647;
			files = (
			);
			runOnlyForDeploymentPostprocessing = 0;
		};
/* End PBXResourcesBuildPhase section */

/* Begin PBXShellScriptBuildPhase section */
		4069E5B02D09ADA600BBEB39 /* SwiftGen */ = {
			isa = PBXShellScriptBuildPhase;
			alwaysOutOfDate = 1;
			buildActionMask = 2147483647;
			files = (
			);
			inputFileListPaths = (
			);
			inputPaths = (
			);
			name = SwiftGen;
			outputFileListPaths = (
			);
			outputPaths = (
			);
			runOnlyForDeploymentPostprocessing = 0;
			shellPath = /bin/sh;
			shellScript = "$PODS_ROOT/SwiftGen/bin/swiftgen config run --config $PROJECT_DIR/$TARGET_NAME/swiftgen.yml\n";
		};
		5EA4AD21E2C566F4414E2738 /* [CP] Check Pods Manifest.lock */ = {
			isa = PBXShellScriptBuildPhase;
			buildActionMask = 2147483647;
			files = (
			);
			inputFileListPaths = (
			);
			inputPaths = (
				"${PODS_PODFILE_DIR_PATH}/Podfile.lock",
				"${PODS_ROOT}/Manifest.lock",
			);
			name = "[CP] Check Pods Manifest.lock";
			outputFileListPaths = (
			);
			outputPaths = (
				"$(DERIVED_FILE_DIR)/Pods-FakeNFT-checkManifestLockResult.txt",
			);
			runOnlyForDeploymentPostprocessing = 0;
			shellPath = /bin/sh;
			shellScript = "diff \"${PODS_PODFILE_DIR_PATH}/Podfile.lock\" \"${PODS_ROOT}/Manifest.lock\" > /dev/null\nif [ $? != 0 ] ; then\n    # print error to STDERR\n    echo \"error: The sandbox is not in sync with the Podfile.lock. Run 'pod install' or update your CocoaPods installation.\" >&2\n    exit 1\nfi\n# This output is used by Xcode 'outputs' to avoid re-running this script phase.\necho \"SUCCESS\" > \"${SCRIPT_OUTPUT_FILE_0}\"\n";
			showEnvVarsInLog = 0;
		};
		8041DE2728E8DFC8306F38E7 /* [CP] Check Pods Manifest.lock */ = {
			isa = PBXShellScriptBuildPhase;
			buildActionMask = 2147483647;
			files = (
			);
			inputFileListPaths = (
			);
			inputPaths = (
				"${PODS_PODFILE_DIR_PATH}/Podfile.lock",
				"${PODS_ROOT}/Manifest.lock",
			);
			name = "[CP] Check Pods Manifest.lock";
			outputFileListPaths = (
			);
			outputPaths = (
				"$(DERIVED_FILE_DIR)/Pods-FakeNFT-FakeNFTUITests-checkManifestLockResult.txt",
			);
			runOnlyForDeploymentPostprocessing = 0;
			shellPath = /bin/sh;
			shellScript = "diff \"${PODS_PODFILE_DIR_PATH}/Podfile.lock\" \"${PODS_ROOT}/Manifest.lock\" > /dev/null\nif [ $? != 0 ] ; then\n    # print error to STDERR\n    echo \"error: The sandbox is not in sync with the Podfile.lock. Run 'pod install' or update your CocoaPods installation.\" >&2\n    exit 1\nfi\n# This output is used by Xcode 'outputs' to avoid re-running this script phase.\necho \"SUCCESS\" > \"${SCRIPT_OUTPUT_FILE_0}\"\n";
			showEnvVarsInLog = 0;
		};
		9B1A6381A69A105F0C38A36C /* [CP] Embed Pods Frameworks */ = {
			isa = PBXShellScriptBuildPhase;
			buildActionMask = 2147483647;
			files = (
			);
			inputFileListPaths = (
				"${PODS_ROOT}/Target Support Files/Pods-FakeNFT/Pods-FakeNFT-frameworks-${CONFIGURATION}-input-files.xcfilelist",
			);
			name = "[CP] Embed Pods Frameworks";
			outputFileListPaths = (
				"${PODS_ROOT}/Target Support Files/Pods-FakeNFT/Pods-FakeNFT-frameworks-${CONFIGURATION}-output-files.xcfilelist",
			);
			runOnlyForDeploymentPostprocessing = 0;
			shellPath = /bin/sh;
			shellScript = "\"${PODS_ROOT}/Target Support Files/Pods-FakeNFT/Pods-FakeNFT-frameworks.sh\"\n";
			showEnvVarsInLog = 0;
		};
		D29058FF31CE1EDE830C3E08 /* [CP] Check Pods Manifest.lock */ = {
			isa = PBXShellScriptBuildPhase;
			buildActionMask = 2147483647;
			files = (
			);
			inputFileListPaths = (
			);
			inputPaths = (
				"${PODS_PODFILE_DIR_PATH}/Podfile.lock",
				"${PODS_ROOT}/Manifest.lock",
			);
			name = "[CP] Check Pods Manifest.lock";
			outputFileListPaths = (
			);
			outputPaths = (
				"$(DERIVED_FILE_DIR)/Pods-FakeNFTTests-checkManifestLockResult.txt",
			);
			runOnlyForDeploymentPostprocessing = 0;
			shellPath = /bin/sh;
			shellScript = "diff \"${PODS_PODFILE_DIR_PATH}/Podfile.lock\" \"${PODS_ROOT}/Manifest.lock\" > /dev/null\nif [ $? != 0 ] ; then\n    # print error to STDERR\n    echo \"error: The sandbox is not in sync with the Podfile.lock. Run 'pod install' or update your CocoaPods installation.\" >&2\n    exit 1\nfi\n# This output is used by Xcode 'outputs' to avoid re-running this script phase.\necho \"SUCCESS\" > \"${SCRIPT_OUTPUT_FILE_0}\"\n";
			showEnvVarsInLog = 0;
		};
		FD4E01281121502FB186B8B1 /* [CP] Embed Pods Frameworks */ = {
			isa = PBXShellScriptBuildPhase;
			buildActionMask = 2147483647;
			files = (
			);
			inputFileListPaths = (
				"${PODS_ROOT}/Target Support Files/Pods-FakeNFT-FakeNFTUITests/Pods-FakeNFT-FakeNFTUITests-frameworks-${CONFIGURATION}-input-files.xcfilelist",
			);
			name = "[CP] Embed Pods Frameworks";
			outputFileListPaths = (
				"${PODS_ROOT}/Target Support Files/Pods-FakeNFT-FakeNFTUITests/Pods-FakeNFT-FakeNFTUITests-frameworks-${CONFIGURATION}-output-files.xcfilelist",
			);
			runOnlyForDeploymentPostprocessing = 0;
			shellPath = /bin/sh;
			shellScript = "\"${PODS_ROOT}/Target Support Files/Pods-FakeNFT-FakeNFTUITests/Pods-FakeNFT-FakeNFTUITests-frameworks.sh\"\n";
			showEnvVarsInLog = 0;
		};
/* End PBXShellScriptBuildPhase section */

/* Begin PBXSourcesBuildPhase section */
		3F68068F29CBBAF100B4F915 /* Sources */ = {
			isa = PBXSourcesBuildPhase;
			buildActionMask = 2147483647;
			files = (
				3FC8C38B29D242E90081F015 /* ProductDetailsTableViewCell.swift in Sources */,
				0C79EE662A76DDFF00EE90EA /* NftDetailViewController.swift in Sources */,
				E1A1B9DA2AA01CE400C3AFBC /* TabBarController.swift in Sources */,
				43CBD6992D14604700F202D4 /* AlertModel.swift in Sources */,
				3F478ED129DB476500F6D39E /* Fonts.swift in Sources */,
				0C79EE6A2A76DE1000EE90EA /* NftDetailAssembly.swift in Sources */,
				3FC8C39329D246BA0081F015 /* DateFormatters+Presets.swift in Sources */,
				4069E5BA2D09E0B900BBEB39 /* ProfileViewController.swift in Sources */,
				0CFCB7422A78013E0009A829 /* Nft.swift in Sources */,
				43CBD6972D14602000F202D4 /* AlertButton.swift in Sources */,
				43CBD6A92D1466BF00F202D4 /* GetCartRequest.swift in Sources */,
				43A4F5CE2D1EF93B00713CED /* SuccessfulPaymentViewController.swift in Sources */,
				0CF2C2DD2A783CE600FDC837 /* ErrorView.swift in Sources */,
				0C79EE682A76DE0900EE90EA /* NftDetailPresenter.swift in Sources */,
				43CBD69B2D14605F00F202D4 /* AlertTextField.swift in Sources */,
				43CBD6AC2D14674700F202D4 /* Storage.swift in Sources */,
				43CBD6B32D146FB200F202D4 /* CartTableViewCell.swift in Sources */,
				3F68069B29CBBAF100B4F915 /* ProductDetailsTableViewController.swift in Sources */,
				0CFCB7402A78002A0009A829 /* ExamplePutService.swift in Sources */,
				43A4F5CA2D1EECAE00713CED /* GetPaymentRequest.swift in Sources */,
				43A4F5D02D1F0FF400713CED /* EmptyView.swift in Sources */,
				43CBD6A02D1460B100F202D4 /* AlertPresenter.swift in Sources */,
				43CBD6B52D147DA500F202D4 /* CartNFTModel.swift in Sources */,
				3F6806D529CBBEC700B4F915 /* NetworkTask.swift in Sources */,
				0CF2C2DB2A783C1B00FDC837 /* LoadingView.swift in Sources */,
				558E39E72C68CE0A00FB86AC /* NftService.swift in Sources */,
				43A4F5BE2D1EAB2700713CED /* PaymentView.swift in Sources */,
				3F68069729CBBAF100B4F915 /* AppDelegate.swift in Sources */,
				3F68069929CBBAF100B4F915 /* SceneDelegate.swift in Sources */,
				43CBD6A72D14650800F202D4 /* CartService.swift in Sources */,
				43CBD69D2D14608200F202D4 /* AlertWithTextFieldModel.swift in Sources */,
				43A4F5C22D1EAD8200713CED /* PaymentViewModel.swift in Sources */,
				43A4F5C42D1EAE5700713CED /* GetCurrenciesRequest.swift in Sources */,
				0C79EE6C2A76DE2E00EE90EA /* ServicesAssemly.swift in Sources */,
				0CFCB74E2A7817DC0009A829 /* NftStorage.swift in Sources */,
				43A4F5B82D1EA21100713CED /* PaymentCollectionViewCell.swift in Sources */,
				3FC8C39129D2453B0081F015 /* ExamplePutRequest.swift in Sources */,
				43CBD6AF2D146B2300F202D4 /* CartView.swift in Sources */,
				0CFCB7462A78064B0009A829 /* NftDetailCellModel.swift in Sources */,
				43CBD6C52D14A9D500F202D4 /* CartNavigationViewController.swift in Sources */,
				43A4F5C82D1EEC1400713CED /* PaymentResponse.swift in Sources */,
				43A4F5CC2D1EF61D00713CED /* SuccsesfulPaymentView.swift in Sources */,
				43A4F5C02D1EAD6D00713CED /* PaymentViewController.swift in Sources */,
				43CBD6C32D1484F100F202D4 /* CartViewController.swift in Sources */,
				43A4F5C62D1ED33200713CED /* PaymentBottomTableViewCell.swift in Sources */,
				0CFCB74B2A780EA80009A829 /* UIView+Constraints.swift in Sources */,
				3F6806D729CBC50A00B4F915 /* CellsReusingUtils.swift in Sources */,
				43CBD6A22D1460EA00F202D4 /* RatingStackView.swift in Sources */,
				0C79EE612A76DCD600EE90EA /* NftByIdRequest.swift in Sources */,
				43CBD6A52D14612E00F202D4 /* Configuration.swift in Sources */,
				E19CD5AB2A98B56600CA39A5 /* NftImageCollectionViewCell.swift in Sources */,
				43CBD6C82D14ADF200F202D4 /* CartPayTableViewCell.swift in Sources */,
				43CBD6B12D146DB800F202D4 /* CartViewModel.swift in Sources */,
				0CF2C2E12A784C7000FDC837 /* LinePageControl.swift in Sources */,
				43CBD6922D145F1A00F202D4 /* CartItemModel.swift in Sources */,
				3F6806D329CBBE9600B4F915 /* NetworkRequest.swift in Sources */,
				4069E5B42D09B04200BBEB39 /* XCAssets+Generated.swift in Sources */,
				0CFCB7492A7808900009A829 /* TestCatalogController.swift in Sources */,
				43CBD6942D145F6D00F202D4 /* CartModel.swift in Sources */,
				3F6806D129CBBE6B00B4F915 /* NetworkClient.swift in Sources */,
				43A4F5BC2D1EA9F900713CED /* CurrencyModel.swift in Sources */,
				0CFCB7442A7802440009A829 /* NftDetailInput.swift in Sources */,
				0C79EE632A76DD1900EE90EA /* RequestConstants.swift in Sources */,
				4069E5B52D09B04200BBEB39 /* Strings+Generated.swift in Sources */,
			);
			runOnlyForDeploymentPostprocessing = 0;
		};
		3F6806A529CBBAF200B4F915 /* Sources */ = {
			isa = PBXSourcesBuildPhase;
			buildActionMask = 2147483647;
			files = (
				3F6806AE29CBBAF200B4F915 /* ExampleUnitTests.swift in Sources */,
			);
			runOnlyForDeploymentPostprocessing = 0;
		};
		3F6806AF29CBBAF200B4F915 /* Sources */ = {
			isa = PBXSourcesBuildPhase;
			buildActionMask = 2147483647;
			files = (
				3F6806B829CBBAF200B4F915 /* FakeNFTUITests.swift in Sources */,
			);
			runOnlyForDeploymentPostprocessing = 0;
		};
/* End PBXSourcesBuildPhase section */

/* Begin PBXTargetDependency section */
		3F6806AB29CBBAF200B4F915 /* PBXTargetDependency */ = {
			isa = PBXTargetDependency;
			target = 3F68069229CBBAF100B4F915 /* FakeNFT */;
			targetProxy = 3F6806AA29CBBAF200B4F915 /* PBXContainerItemProxy */;
		};
		3F6806B529CBBAF200B4F915 /* PBXTargetDependency */ = {
			isa = PBXTargetDependency;
			target = 3F68069229CBBAF100B4F915 /* FakeNFT */;
			targetProxy = 3F6806B429CBBAF200B4F915 /* PBXContainerItemProxy */;
		};
/* End PBXTargetDependency section */

/* Begin PBXVariantGroup section */
		3F6806A129CBBAF200B4F915 /* LaunchScreen.storyboard */ = {
			isa = PBXVariantGroup;
			children = (
				3F6806A229CBBAF200B4F915 /* Base */,
			);
			name = LaunchScreen.storyboard;
			sourceTree = "<group>";
		};
		4069E5A52D098D7800BBEB39 /* Localizable.strings */ = {
			isa = PBXVariantGroup;
			children = (
				4069E5A62D098D7800BBEB39 /* ru */,
				4069E5AB2D098D8D00BBEB39 /* en */,
			);
			name = Localizable.strings;
			sourceTree = "<group>";
		};
		4069E5A82D098D8200BBEB39 /* Localizable.stringsdict */ = {
			isa = PBXVariantGroup;
			children = (
				4069E5A92D098D8200BBEB39 /* ru */,
				4069E5AC2D098D8D00BBEB39 /* en */,
			);
			name = Localizable.stringsdict;
			sourceTree = "<group>";
		};
/* End PBXVariantGroup section */

/* Begin XCBuildConfiguration section */
		3F6806BB29CBBAF200B4F915 /* Debug */ = {
			isa = XCBuildConfiguration;
			buildSettings = {
				ALWAYS_SEARCH_USER_PATHS = NO;
				CLANG_ANALYZER_LOCALIZABILITY_NONLOCALIZED = YES;
				CLANG_ANALYZER_NONNULL = YES;
				CLANG_ANALYZER_NUMBER_OBJECT_CONVERSION = YES_AGGRESSIVE;
				CLANG_CXX_LANGUAGE_STANDARD = "gnu++20";
				CLANG_ENABLE_MODULES = YES;
				CLANG_ENABLE_OBJC_ARC = YES;
				CLANG_ENABLE_OBJC_WEAK = YES;
				CLANG_WARN_BLOCK_CAPTURE_AUTORELEASING = YES;
				CLANG_WARN_BOOL_CONVERSION = YES;
				CLANG_WARN_COMMA = YES;
				CLANG_WARN_CONSTANT_CONVERSION = YES;
				CLANG_WARN_DEPRECATED_OBJC_IMPLEMENTATIONS = YES;
				CLANG_WARN_DIRECT_OBJC_ISA_USAGE = YES_ERROR;
				CLANG_WARN_DOCUMENTATION_COMMENTS = YES;
				CLANG_WARN_EMPTY_BODY = YES;
				CLANG_WARN_ENUM_CONVERSION = YES;
				CLANG_WARN_INFINITE_RECURSION = YES;
				CLANG_WARN_INT_CONVERSION = YES;
				CLANG_WARN_NON_LITERAL_NULL_CONVERSION = YES;
				CLANG_WARN_OBJC_IMPLICIT_RETAIN_SELF = YES;
				CLANG_WARN_OBJC_LITERAL_CONVERSION = YES;
				CLANG_WARN_OBJC_ROOT_CLASS = YES_ERROR;
				CLANG_WARN_QUOTED_INCLUDE_IN_FRAMEWORK_HEADER = YES;
				CLANG_WARN_RANGE_LOOP_ANALYSIS = YES;
				CLANG_WARN_STRICT_PROTOTYPES = YES;
				CLANG_WARN_SUSPICIOUS_MOVE = YES;
				CLANG_WARN_UNGUARDED_AVAILABILITY = YES_AGGRESSIVE;
				CLANG_WARN_UNREACHABLE_CODE = YES;
				CLANG_WARN__DUPLICATE_METHOD_MATCH = YES;
				COPY_PHASE_STRIP = NO;
				DEBUG_INFORMATION_FORMAT = dwarf;
				ENABLE_STRICT_OBJC_MSGSEND = YES;
				ENABLE_TESTABILITY = YES;
				ENABLE_USER_SCRIPT_SANDBOXING = NO;
				GCC_C_LANGUAGE_STANDARD = gnu11;
				GCC_DYNAMIC_NO_PIC = NO;
				GCC_NO_COMMON_BLOCKS = YES;
				GCC_OPTIMIZATION_LEVEL = 0;
				GCC_PREPROCESSOR_DEFINITIONS = (
					"DEBUG=1",
					"$(inherited)",
				);
				GCC_WARN_64_TO_32_BIT_CONVERSION = YES;
				GCC_WARN_ABOUT_RETURN_TYPE = YES_ERROR;
				GCC_WARN_UNDECLARED_SELECTOR = YES;
				GCC_WARN_UNINITIALIZED_AUTOS = YES_AGGRESSIVE;
				GCC_WARN_UNUSED_FUNCTION = YES;
				GCC_WARN_UNUSED_VARIABLE = YES;
				INFOPLIST_KEY_UILaunchScreen_Generation = NO;
				IPHONEOS_DEPLOYMENT_TARGET = 13.0;
				MTL_ENABLE_DEBUG_INFO = INCLUDE_SOURCE;
				MTL_FAST_MATH = YES;
				ONLY_ACTIVE_ARCH = YES;
				SDKROOT = iphoneos;
				SWIFT_ACTIVE_COMPILATION_CONDITIONS = DEBUG;
				SWIFT_OPTIMIZATION_LEVEL = "-Onone";
			};
			name = Debug;
		};
		3F6806BC29CBBAF200B4F915 /* Release */ = {
			isa = XCBuildConfiguration;
			buildSettings = {
				ALWAYS_SEARCH_USER_PATHS = NO;
				CLANG_ANALYZER_LOCALIZABILITY_NONLOCALIZED = YES;
				CLANG_ANALYZER_NONNULL = YES;
				CLANG_ANALYZER_NUMBER_OBJECT_CONVERSION = YES_AGGRESSIVE;
				CLANG_CXX_LANGUAGE_STANDARD = "gnu++20";
				CLANG_ENABLE_MODULES = YES;
				CLANG_ENABLE_OBJC_ARC = YES;
				CLANG_ENABLE_OBJC_WEAK = YES;
				CLANG_WARN_BLOCK_CAPTURE_AUTORELEASING = YES;
				CLANG_WARN_BOOL_CONVERSION = YES;
				CLANG_WARN_COMMA = YES;
				CLANG_WARN_CONSTANT_CONVERSION = YES;
				CLANG_WARN_DEPRECATED_OBJC_IMPLEMENTATIONS = YES;
				CLANG_WARN_DIRECT_OBJC_ISA_USAGE = YES_ERROR;
				CLANG_WARN_DOCUMENTATION_COMMENTS = YES;
				CLANG_WARN_EMPTY_BODY = YES;
				CLANG_WARN_ENUM_CONVERSION = YES;
				CLANG_WARN_INFINITE_RECURSION = YES;
				CLANG_WARN_INT_CONVERSION = YES;
				CLANG_WARN_NON_LITERAL_NULL_CONVERSION = YES;
				CLANG_WARN_OBJC_IMPLICIT_RETAIN_SELF = YES;
				CLANG_WARN_OBJC_LITERAL_CONVERSION = YES;
				CLANG_WARN_OBJC_ROOT_CLASS = YES_ERROR;
				CLANG_WARN_QUOTED_INCLUDE_IN_FRAMEWORK_HEADER = YES;
				CLANG_WARN_RANGE_LOOP_ANALYSIS = YES;
				CLANG_WARN_STRICT_PROTOTYPES = YES;
				CLANG_WARN_SUSPICIOUS_MOVE = YES;
				CLANG_WARN_UNGUARDED_AVAILABILITY = YES_AGGRESSIVE;
				CLANG_WARN_UNREACHABLE_CODE = YES;
				CLANG_WARN__DUPLICATE_METHOD_MATCH = YES;
				COPY_PHASE_STRIP = NO;
				DEBUG_INFORMATION_FORMAT = "dwarf-with-dsym";
				ENABLE_NS_ASSERTIONS = NO;
				ENABLE_STRICT_OBJC_MSGSEND = YES;
				ENABLE_USER_SCRIPT_SANDBOXING = NO;
				GCC_C_LANGUAGE_STANDARD = gnu11;
				GCC_NO_COMMON_BLOCKS = YES;
				GCC_WARN_64_TO_32_BIT_CONVERSION = YES;
				GCC_WARN_ABOUT_RETURN_TYPE = YES_ERROR;
				GCC_WARN_UNDECLARED_SELECTOR = YES;
				GCC_WARN_UNINITIALIZED_AUTOS = YES_AGGRESSIVE;
				GCC_WARN_UNUSED_FUNCTION = YES;
				GCC_WARN_UNUSED_VARIABLE = YES;
				INFOPLIST_KEY_UILaunchScreen_Generation = NO;
				IPHONEOS_DEPLOYMENT_TARGET = 13.0;
				MTL_ENABLE_DEBUG_INFO = NO;
				MTL_FAST_MATH = YES;
				SDKROOT = iphoneos;
				SWIFT_COMPILATION_MODE = wholemodule;
				SWIFT_OPTIMIZATION_LEVEL = "-O";
				VALIDATE_PRODUCT = YES;
			};
			name = Release;
		};
		3F6806BE29CBBAF200B4F915 /* Debug */ = {
			isa = XCBuildConfiguration;
			baseConfigurationReference = 92989ACCC58DFBA408C28A91 /* Pods-FakeNFT.debug.xcconfig */;
			buildSettings = {
				ASSETCATALOG_COMPILER_APPICON_NAME = AppIcon;
				ASSETCATALOG_COMPILER_GLOBAL_ACCENT_COLOR_NAME = AccentColor;
				CODE_SIGN_STYLE = Automatic;
				CURRENT_PROJECT_VERSION = 1;
				DEVELOPMENT_TEAM = 6H2GQX47PU;
				GENERATE_INFOPLIST_FILE = YES;
				INFOPLIST_FILE = FakeNFT/Info.plist;
				INFOPLIST_KEY_UIApplicationSupportsIndirectInputEvents = YES;
				INFOPLIST_KEY_UILaunchStoryboardName = LaunchScreen;
				INFOPLIST_KEY_UISupportedInterfaceOrientations_iPad = "UIInterfaceOrientationPortrait UIInterfaceOrientationPortraitUpsideDown UIInterfaceOrientationLandscapeLeft UIInterfaceOrientationLandscapeRight";
				INFOPLIST_KEY_UISupportedInterfaceOrientations_iPhone = "UIInterfaceOrientationPortrait UIInterfaceOrientationLandscapeLeft UIInterfaceOrientationLandscapeRight";
				IPHONEOS_DEPLOYMENT_TARGET = 13.0;
				LD_RUNPATH_SEARCH_PATHS = (
					"$(inherited)",
					"@executable_path/Frameworks",
				);
				MARKETING_VERSION = 1.0;
				PRODUCT_BUNDLE_IDENTIFIER = com.practicum.FakeNFT;
				PRODUCT_NAME = "$(TARGET_NAME)";
				SUPPORTED_PLATFORMS = "iphoneos iphonesimulator";
				SUPPORTS_MACCATALYST = NO;
				SUPPORTS_MAC_DESIGNED_FOR_IPHONE_IPAD = NO;
				SUPPORTS_XR_DESIGNED_FOR_IPHONE_IPAD = NO;
				SWIFT_EMIT_LOC_STRINGS = YES;
				SWIFT_VERSION = 5.0;
				TARGETED_DEVICE_FAMILY = "1,2";
			};
			name = Debug;
		};
		3F6806BF29CBBAF200B4F915 /* Release */ = {
			isa = XCBuildConfiguration;
			baseConfigurationReference = 543F9B3AC0A71170097A8254 /* Pods-FakeNFT.release.xcconfig */;
			buildSettings = {
				ASSETCATALOG_COMPILER_APPICON_NAME = AppIcon;
				ASSETCATALOG_COMPILER_GLOBAL_ACCENT_COLOR_NAME = AccentColor;
				CODE_SIGN_STYLE = Automatic;
				CURRENT_PROJECT_VERSION = 1;
				DEVELOPMENT_TEAM = 6H2GQX47PU;
				GENERATE_INFOPLIST_FILE = YES;
				INFOPLIST_FILE = FakeNFT/Info.plist;
				INFOPLIST_KEY_UIApplicationSupportsIndirectInputEvents = YES;
				INFOPLIST_KEY_UILaunchStoryboardName = LaunchScreen;
				INFOPLIST_KEY_UISupportedInterfaceOrientations_iPad = "UIInterfaceOrientationPortrait UIInterfaceOrientationPortraitUpsideDown UIInterfaceOrientationLandscapeLeft UIInterfaceOrientationLandscapeRight";
				INFOPLIST_KEY_UISupportedInterfaceOrientations_iPhone = "UIInterfaceOrientationPortrait UIInterfaceOrientationLandscapeLeft UIInterfaceOrientationLandscapeRight";
				IPHONEOS_DEPLOYMENT_TARGET = 13.0;
				LD_RUNPATH_SEARCH_PATHS = (
					"$(inherited)",
					"@executable_path/Frameworks",
				);
				MARKETING_VERSION = 1.0;
				PRODUCT_BUNDLE_IDENTIFIER = com.practicum.FakeNFT;
				PRODUCT_NAME = "$(TARGET_NAME)";
				SUPPORTED_PLATFORMS = "iphoneos iphonesimulator";
				SUPPORTS_MACCATALYST = NO;
				SUPPORTS_MAC_DESIGNED_FOR_IPHONE_IPAD = NO;
				SUPPORTS_XR_DESIGNED_FOR_IPHONE_IPAD = NO;
				SWIFT_EMIT_LOC_STRINGS = YES;
				SWIFT_VERSION = 5.0;
				TARGETED_DEVICE_FAMILY = "1,2";
			};
			name = Release;
		};
		3F6806C129CBBAF200B4F915 /* Debug */ = {
			isa = XCBuildConfiguration;
			baseConfigurationReference = FDADF454982A8057BB31AE51 /* Pods-FakeNFTTests.debug.xcconfig */;
			buildSettings = {
				BUNDLE_LOADER = "$(TEST_HOST)";
				CODE_SIGN_STYLE = Automatic;
				CURRENT_PROJECT_VERSION = 1;
				GENERATE_INFOPLIST_FILE = YES;
				IPHONEOS_DEPLOYMENT_TARGET = 16.2;
				MARKETING_VERSION = 1.0;
				PRODUCT_BUNDLE_IDENTIFIER = com.practicum.FakeNFTTests;
				PRODUCT_NAME = "$(TARGET_NAME)";
				SWIFT_EMIT_LOC_STRINGS = NO;
				SWIFT_VERSION = 5.0;
				TARGETED_DEVICE_FAMILY = "1,2";
				TEST_HOST = "$(BUILT_PRODUCTS_DIR)/FakeNFT.app/$(BUNDLE_EXECUTABLE_FOLDER_PATH)/FakeNFT";
			};
			name = Debug;
		};
		3F6806C229CBBAF200B4F915 /* Release */ = {
			isa = XCBuildConfiguration;
			baseConfigurationReference = F14910062595632023C142A7 /* Pods-FakeNFTTests.release.xcconfig */;
			buildSettings = {
				BUNDLE_LOADER = "$(TEST_HOST)";
				CODE_SIGN_STYLE = Automatic;
				CURRENT_PROJECT_VERSION = 1;
				GENERATE_INFOPLIST_FILE = YES;
				IPHONEOS_DEPLOYMENT_TARGET = 16.2;
				MARKETING_VERSION = 1.0;
				PRODUCT_BUNDLE_IDENTIFIER = com.practicum.FakeNFTTests;
				PRODUCT_NAME = "$(TARGET_NAME)";
				SWIFT_EMIT_LOC_STRINGS = NO;
				SWIFT_VERSION = 5.0;
				TARGETED_DEVICE_FAMILY = "1,2";
				TEST_HOST = "$(BUILT_PRODUCTS_DIR)/FakeNFT.app/$(BUNDLE_EXECUTABLE_FOLDER_PATH)/FakeNFT";
			};
			name = Release;
		};
		3F6806C429CBBAF200B4F915 /* Debug */ = {
			isa = XCBuildConfiguration;
			baseConfigurationReference = A8E20BF20A3B3192FCAA3854 /* Pods-FakeNFT-FakeNFTUITests.debug.xcconfig */;
			buildSettings = {
				CODE_SIGN_STYLE = Automatic;
				CURRENT_PROJECT_VERSION = 1;
				GENERATE_INFOPLIST_FILE = YES;
				MARKETING_VERSION = 1.0;
				PRODUCT_BUNDLE_IDENTIFIER = com.practicum.FakeNFTUITests;
				PRODUCT_NAME = "$(TARGET_NAME)";
				SWIFT_EMIT_LOC_STRINGS = NO;
				SWIFT_VERSION = 5.0;
				TARGETED_DEVICE_FAMILY = "1,2";
				TEST_TARGET_NAME = FakeNFT;
			};
			name = Debug;
		};
		3F6806C529CBBAF200B4F915 /* Release */ = {
			isa = XCBuildConfiguration;
			baseConfigurationReference = 8CA29D0707E24B8B9FAA5365 /* Pods-FakeNFT-FakeNFTUITests.release.xcconfig */;
			buildSettings = {
				CODE_SIGN_STYLE = Automatic;
				CURRENT_PROJECT_VERSION = 1;
				GENERATE_INFOPLIST_FILE = YES;
				MARKETING_VERSION = 1.0;
				PRODUCT_BUNDLE_IDENTIFIER = com.practicum.FakeNFTUITests;
				PRODUCT_NAME = "$(TARGET_NAME)";
				SWIFT_EMIT_LOC_STRINGS = NO;
				SWIFT_VERSION = 5.0;
				TARGETED_DEVICE_FAMILY = "1,2";
				TEST_TARGET_NAME = FakeNFT;
			};
			name = Release;
		};
/* End XCBuildConfiguration section */

/* Begin XCConfigurationList section */
		3F68068E29CBBAF100B4F915 /* Build configuration list for PBXProject "FakeNFT" */ = {
			isa = XCConfigurationList;
			buildConfigurations = (
				3F6806BB29CBBAF200B4F915 /* Debug */,
				3F6806BC29CBBAF200B4F915 /* Release */,
			);
			defaultConfigurationIsVisible = 0;
			defaultConfigurationName = Release;
		};
		3F6806BD29CBBAF200B4F915 /* Build configuration list for PBXNativeTarget "FakeNFT" */ = {
			isa = XCConfigurationList;
			buildConfigurations = (
				3F6806BE29CBBAF200B4F915 /* Debug */,
				3F6806BF29CBBAF200B4F915 /* Release */,
			);
			defaultConfigurationIsVisible = 0;
			defaultConfigurationName = Release;
		};
		3F6806C029CBBAF200B4F915 /* Build configuration list for PBXNativeTarget "FakeNFTTests" */ = {
			isa = XCConfigurationList;
			buildConfigurations = (
				3F6806C129CBBAF200B4F915 /* Debug */,
				3F6806C229CBBAF200B4F915 /* Release */,
			);
			defaultConfigurationIsVisible = 0;
			defaultConfigurationName = Release;
		};
		3F6806C329CBBAF200B4F915 /* Build configuration list for PBXNativeTarget "FakeNFTUITests" */ = {
			isa = XCConfigurationList;
			buildConfigurations = (
				3F6806C429CBBAF200B4F915 /* Debug */,
				3F6806C529CBBAF200B4F915 /* Release */,
			);
			defaultConfigurationIsVisible = 0;
			defaultConfigurationName = Release;
		};
/* End XCConfigurationList section */

/* Begin XCRemoteSwiftPackageReference section */
		43CBD6C92D14C93200F202D4 /* XCRemoteSwiftPackageReference "Kingfisher" */ = {
			isa = XCRemoteSwiftPackageReference;
			repositoryURL = "https://github.com/onevcat/Kingfisher.git";
			requirement = {
				kind = upToNextMajorVersion;
				minimumVersion = 8.1.3;
			};
		};
		43CBD6CC2D14C93800F202D4 /* XCRemoteSwiftPackageReference "ProgressHUD" */ = {
			isa = XCRemoteSwiftPackageReference;
			repositoryURL = "https://github.com/relatedcode/ProgressHUD";
			requirement = {
				kind = upToNextMajorVersion;
				minimumVersion = 14.1.3;
			};
		};
/* End XCRemoteSwiftPackageReference section */

/* Begin XCSwiftPackageProductDependency section */
		43CBD6CA2D14C93200F202D4 /* Kingfisher */ = {
			isa = XCSwiftPackageProductDependency;
			package = 43CBD6C92D14C93200F202D4 /* XCRemoteSwiftPackageReference "Kingfisher" */;
			productName = Kingfisher;
		};
		43CBD6CD2D14C93800F202D4 /* ProgressHUD */ = {
			isa = XCSwiftPackageProductDependency;
			package = 43CBD6CC2D14C93800F202D4 /* XCRemoteSwiftPackageReference "ProgressHUD" */;
			productName = ProgressHUD;
		};
/* End XCSwiftPackageProductDependency section */
	};
	rootObject = 3F68068B29CBBAF100B4F915 /* Project object */;
}
